
Microsoft Visual Studio Solution File, Format Version 12.00
# Visual Studio Version 17
VisualStudioVersion = 17.1.32421.90
MinimumVisualStudioVersion = 10.0.40219.1
Project("{9A19103F-16F7-4668-BE54-9A1E7A4F7556}") = "AspNetCoreSpreadsheetEditorDemo.Net6", "AspNetCoreSpreadsheetEditorDemo.Net6.csproj", "{DEDE9095-E60D-458E-B6E6-FA3068279860}"
EndProject
Global
	GlobalSection(SolutionConfigurationPlatforms) = preSolution
		Debug|Any CPU = Debug|Any CPU
		Release|Any CPU = Release|Any CPU
	EndGlobalSection
	GlobalSection(ProjectConfigurationPlatforms) = postSolution
		{DEDE9095-E60D-458E-B6E6-FA3068279860}.Debug|Any CPU.ActiveCfg = Debug|Any CPU
		{DEDE9095-E60D-458E-B6E6-FA3068279860}.Debug|Any CPU.Build.0 = Debug|Any CPU
		{DEDE9095-E60D-458E-B6E6-FA3068279860}.Release|Any CPU.ActiveCfg = Release|Any CPU
		{DEDE9095-E60D-458E-B6E6-FA3068279860}.Release|Any CPU.Build.0 = Release|Any CPU
	EndGlobalSection
	GlobalSection(SolutionProperties) = preSolution
		HideSolutionNode = FALSE
	EndGlobalSection
	GlobalSection(ExtensibilityGlobals) = postSolution
		SolutionGuid = {CA5B6E78-B862-4A12-B54F-2AD0A1D9EA23}
	EndGlobalSection
EndGlobal
